schema: '2.0'
stages:
  Data_Ingestion:
    cmd: python src/data_ingestion.py
    deps:
    - path: src/data_ingestion.py
      hash: md5
      md5: 3b548e066891b8f4c3bd4c617ce3604a
      size: 3638
    params:
      params.yaml:
        data_ingestion.test_size: 0.3
    outs:
    - path: data/raw
      hash: md5
      md5: d26befd2dda9438254177d9000d9ba1f.dir
      size: 484846
      nfiles: 2
  Data_Preprocessing:
    cmd: python src/data_preprocessing.py
    deps:
    - path: data/raw
      hash: md5
      md5: d26befd2dda9438254177d9000d9ba1f.dir
      size: 484846
      nfiles: 2
    - path: src/data_preprocessing.py
      hash: md5
      md5: ae0059b79590609927f72e3c373f1865
      size: 3973
    outs:
    - path: data/interim
      hash: md5
      md5: 1f07b9a958210b8629c7e0d8637bde12.dir
      size: 262466
      nfiles: 2
  Feature_Engineering:
    cmd: python src/feature_engineering.py
    deps:
    - path: data/interim
      hash: md5
      md5: 1f07b9a958210b8629c7e0d8637bde12.dir
      size: 262466
      nfiles: 2
    - path: src/feature_engineering.py
      hash: md5
      md5: 9000c4cbafcaca3464664391d46659d2
      size: 3909
    params:
      params.yaml:
        feature_engineering.max_features: 27
    outs:
    - path: data/processed
      hash: md5
      md5: b8a40b5d91a18a6637caa610e8c2dc79.dir
      size: 653221
      nfiles: 2
  Model_Building:
    cmd: python src/model_building.py
    deps:
    - path: data/processed
      hash: md5
      md5: b8a40b5d91a18a6637caa610e8c2dc79.dir
      size: 653221
      nfiles: 2
    - path: src/model_building.py
      hash: md5
      md5: b8211d4fca24abd0f09602108ec58924
      size: 4423
    params:
      params.yaml:
        model_building.n_estimators: 30
        model_building.random_state: 44
    outs:
    - path: models/model.pkl
      hash: md5
      md5: 509ea8bfea9e64f103cef6513bac2946
      size: 650198
  Model_Evaluation:
    cmd: python src/model_evaluation.py
    deps:
    - path: models/model.pkl
      hash: md5
      md5: 509ea8bfea9e64f103cef6513bac2946
      size: 650198
    - path: src/model_evaluation.py
      hash: md5
      md5: 6f2c584878d4b015e5eece2838e4fff7
      size: 4705
    outs:
    - path: reports/metrics.json
      hash: md5
      md5: 3c54192909bebb97f8d7f115f6aad71a
      size: 144
